
Microsoft Visual Studio Solution File, Format Version 12.00
# Visual Studio 15
VisualStudioVersion = 15.0.28307.1340
MinimumVisualStudioVersion = 10.0.40219.1
Project("{D2ABAB84-BF74-430A-B69E-9DC6D40DDA17}") = "ASYas", "ASYas\ASYas.dwproj", "{92A9CDEF-2D62-4832-B1A7-A0CE40D01F21}"
EndProject
Global
	GlobalSection(SolutionConfigurationPlatforms) = preSolution
		Development|Default = Development|Default
	EndGlobalSection
	GlobalSection(ProjectConfigurationPlatforms) = postSolution
		{92A9CDEF-2D62-4832-B1A7-A0CE40D01F21}.Development|Default.ActiveCfg = Development
		{92A9CDEF-2D62-4832-B1A7-A0CE40D01F21}.Development|Default.Build.0 = Development
		{92A9CDEF-2D62-4832-B1A7-A0CE40D01F21}.Development|Default.Deploy.0 = Development
	EndGlobalSection
	GlobalSection(SolutionProperties) = preSolution
		HideSolutionNode = FALSE
	EndGlobalSection
	GlobalSection(ExtensibilityGlobals) = postSolution
		SolutionGuid = {A83FA537-3B6C-482A-89A5-4514338E7BBC}
	EndGlobalSection
EndGlobal
